// !$*UTF8*$!
{
	archiveVersion = 1;
	classes = {
	};
	objectVersion = 46;
	objects = {

/* Begin PBXBuildFile section */
		DA20FA5D1E0BC69C004C8FF4 /* AppDelegate.swift in Sources */ = {isa = PBXBuildFile; fileRef = DA20FA5C1E0BC69C004C8FF4 /* AppDelegate.swift */; };
		DA20FA5F1E0BC69C004C8FF4 /* ViewController.swift in Sources */ = {isa = PBXBuildFile; fileRef = DA20FA5E1E0BC69C004C8FF4 /* ViewController.swift */; };
		DA20FA621E0BC69C004C8FF4 /* Main.storyboard in Resources */ = {isa = PBXBuildFile; fileRef = DA20FA601E0BC69C004C8FF4 /* Main.storyboard */; };
		DA20FA641E0BC69C004C8FF4 /* Assets.xcassets in Resources */ = {isa = PBXBuildFile; fileRef = DA20FA631E0BC69C004C8FF4 /* Assets.xcassets */; };
		DA20FA671E0BC69C004C8FF4 /* LaunchScreen.storyboard in Resources */ = {isa = PBXBuildFile; fileRef = DA20FA651E0BC69C004C8FF4 /* LaunchScreen.storyboard */; };
		DA20FA811E0BC7F0004C8FF4 /* IMMessage.proto in Resources */ = {isa = PBXBuildFile; fileRef = DA20FA801E0BC7F0004C8FF4 /* IMMessage.proto */; };
		DA20FA831E0BC836004C8FF4 /* Immessage.proto.swift in Sources */ = {isa = PBXBuildFile; fileRef = DA20FA821E0BC836004C8FF4 /* Immessage.proto.swift */; };
		DA20FA8B1E0BC873004C8FF4 /* ysocket.swift in Sources */ = {isa = PBXBuildFile; fileRef = DA20FA861E0BC873004C8FF4 /* ysocket.swift */; };
		DA20FA8C1E0BC873004C8FF4 /* ytcpsocket.c in Sources */ = {isa = PBXBuildFile; fileRef = DA20FA871E0BC873004C8FF4 /* ytcpsocket.c */; };
		DA20FA8D1E0BC873004C8FF4 /* ytcpsocket.swift in Sources */ = {isa = PBXBuildFile; fileRef = DA20FA881E0BC873004C8FF4 /* ytcpsocket.swift */; };
		DA20FA8E1E0BC873004C8FF4 /* yudpsocket.c in Sources */ = {isa = PBXBuildFile; fileRef = DA20FA891E0BC873004C8FF4 /* yudpsocket.c */; };
		DA20FA8F1E0BC873004C8FF4 /* yudpsocket.swift in Sources */ = {isa = PBXBuildFile; fileRef = DA20FA8A1E0BC873004C8FF4 /* yudpsocket.swift */; };
		DA20FA911E0BC892004C8FF4 /* XJSocket.swift in Sources */ = {isa = PBXBuildFile; fileRef = DA20FA901E0BC892004C8FF4 /* XJSocket.swift */; };
		FE70B489EB98490363A5669C /* Pods_XJClient.framework in Frameworks */ = {isa = PBXBuildFile; fileRef = 69C2F625F1E3FA1901DA344E /* Pods_XJClient.framework */; };
/* End PBXBuildFile section */

/* Begin PBXFileReference section */
		46FCADB1C7EB3C7E230DFA33 /* Pods-XJClient.debug.xcconfig */ = {isa = PBXFileReference; includeInIndex = 1; lastKnownFileType = text.xcconfig; name = "Pods-XJClient.debug.xcconfig"; path = "Pods/Target Support Files/Pods-XJClient/Pods-XJClient.debug.xcconfig"; sourceTree = "<group>"; };
		69C2F625F1E3FA1901DA344E /* Pods_XJClient.framework */ = {isa = PBXFileReference; explicitFileType = wrapper.framework; includeInIndex = 0; path = Pods_XJClient.framework; sourceTree = BUILT_PRODUCTS_DIR; };
		B29FBFD802E92ECFF91F941F /* Pods-XJClient.release.xcconfig */ = {isa = PBXFileReference; includeInIndex = 1; lastKnownFileType = text.xcconfig; name = "Pods-XJClient.release.xcconfig"; path = "Pods/Target Support Files/Pods-XJClient/Pods-XJClient.release.xcconfig"; sourceTree = "<group>"; };
		DA20FA591E0BC69C004C8FF4 /* XJClient.app */ = {isa = PBXFileReference; explicitFileType = wrapper.application; includeInIndex = 0; path = XJClient.app; sourceTree = BUILT_PRODUCTS_DIR; };
		DA20FA5C1E0BC69C004C8FF4 /* AppDelegate.swift */ = {isa = PBXFileReference; lastKnownFileType = sourcecode.swift; path = AppDelegate.swift; sourceTree = "<group>"; };
		DA20FA5E1E0BC69C004C8FF4 /* ViewController.swift */ = {isa = PBXFileReference; lastKnownFileType = sourcecode.swift; path = ViewController.swift; sourceTree = "<group>"; };
		DA20FA611E0BC69C004C8FF4 /* Base */ = {isa = PBXFileReference; lastKnownFileType = file.storyboard; name = Base; path = Base.lproj/Main.storyboard; sourceTree = "<group>"; };
		DA20FA631E0BC69C004C8FF4 /* Assets.xcassets */ = {isa = PBXFileReference; lastKnownFileType = folder.assetcatalog; path = Assets.xcassets; sourceTree = "<group>"; };
		DA20FA661E0BC69C004C8FF4 /* Base */ = {isa = PBXFileReference; lastKnownFileType = file.storyboard; name = Base; path = Base.lproj/LaunchScreen.storyboard; sourceTree = "<group>"; };
		DA20FA681E0BC69C004C8FF4 /* Info.plist */ = {isa = PBXFileReference; lastKnownFileType = text.plist.xml; path = Info.plist; sourceTree = "<group>"; };
		DA20FA801E0BC7F0004C8FF4 /* IMMessage.proto */ = {isa = PBXFileReference; fileEncoding = 4; lastKnownFileType = text; path = IMMessage.proto; sourceTree = "<group>"; };
		DA20FA821E0BC836004C8FF4 /* Immessage.proto.swift */ = {isa = PBXFileReference; fileEncoding = 4; lastKnownFileType = sourcecode.swift; path = Immessage.proto.swift; sourceTree = "<group>"; };
		DA20FA861E0BC873004C8FF4 /* ysocket.swift */ = {isa = PBXFileReference; fileEncoding = 4; lastKnownFileType = sourcecode.swift; path = ysocket.swift; sourceTree = "<group>"; };
		DA20FA871E0BC873004C8FF4 /* ytcpsocket.c */ = {isa = PBXFileReference; fileEncoding = 4; lastKnownFileType = sourcecode.c.c; path = ytcpsocket.c; sourceTree = "<group>"; };
		DA20FA881E0BC873004C8FF4 /* ytcpsocket.swift */ = {isa = PBXFileReference; fileEncoding = 4; lastKnownFileType = sourcecode.swift; path = ytcpsocket.swift; sourceTree = "<group>"; };
		DA20FA891E0BC873004C8FF4 /* yudpsocket.c */ = {isa = PBXFileReference; fileEncoding = 4; lastKnownFileType = sourcecode.c.c; path = yudpsocket.c; sourceTree = "<group>"; };
		DA20FA8A1E0BC873004C8FF4 /* yudpsocket.swift */ = {isa = PBXFileReference; fileEncoding = 4; lastKnownFileType = sourcecode.swift; path = yudpsocket.swift; sourceTree = "<group>"; };
		DA20FA901E0BC892004C8FF4 /* XJSocket.swift */ = {isa = PBXFileReference; fileEncoding = 4; lastKnownFileType = sourcecode.swift; path = XJSocket.swift; sourceTree = "<group>"; };
/* End PBXFileReference section */

/* Begin PBXFrameworksBuildPhase section */
		DA20FA561E0BC69C004C8FF4 /* Frameworks */ = {
			isa = PBXFrameworksBuildPhase;
			buildActionMask = 2147483647;
			files = (
				FE70B489EB98490363A5669C /* Pods_XJClient.framework in Frameworks */,
			);
			runOnlyForDeploymentPostprocessing = 0;
		};
/* End PBXFrameworksBuildPhase section */

/* Begin PBXGroup section */
		7505924BBB089CCEFEDF804E /* Pods */ = {
			isa = PBXGroup;
			children = (
				46FCADB1C7EB3C7E230DFA33 /* Pods-XJClient.debug.xcconfig */,
				B29FBFD802E92ECFF91F941F /* Pods-XJClient.release.xcconfig */,
			);
			name = Pods;
			sourceTree = "<group>";
		};
		B909B9A7D10313997AB28413 /* Frameworks */ = {
			isa = PBXGroup;
			children = (
				69C2F625F1E3FA1901DA344E /* Pods_XJClient.framework */,
			);
			name = Frameworks;
			sourceTree = "<group>";
		};
		DA20FA501E0BC69C004C8FF4 = {
			isa = PBXGroup;
			children = (
				DA20FA5B1E0BC69C004C8FF4 /* XJClient */,
				DA20FA5A1E0BC69C004C8FF4 /* Products */,
				7505924BBB089CCEFEDF804E /* Pods */,
				B909B9A7D10313997AB28413 /* Frameworks */,
			);
			sourceTree = "<group>";
		};
		DA20FA5A1E0BC69C004C8FF4 /* Products */ = {
			isa = PBXGroup;
			children = (
				DA20FA591E0BC69C004C8FF4 /* XJClient.app */,
			);
			name = Products;
			sourceTree = "<group>";
		};
		DA20FA5B1E0BC69C004C8FF4 /* XJClient */ = {
			isa = PBXGroup;
			children = (
				DA20FA841E0BC873004C8FF4 /* XJSocket */,
				DA20FA5C1E0BC69C004C8FF4 /* AppDelegate.swift */,
				DA20FA5E1E0BC69C004C8FF4 /* ViewController.swift */,
				DA20FA601E0BC69C004C8FF4 /* Main.storyboard */,
				DA20FA631E0BC69C004C8FF4 /* Assets.xcassets */,
				DA20FA651E0BC69C004C8FF4 /* LaunchScreen.storyboard */,
				DA20FA681E0BC69C004C8FF4 /* Info.plist */,
				DA20FA821E0BC836004C8FF4 /* Immessage.proto.swift */,
				DA20FA801E0BC7F0004C8FF4 /* IMMessage.proto */,
			);
			path = XJClient;
			sourceTree = "<group>";
		};
		DA20FA841E0BC873004C8FF4 /* XJSocket */ = {
			isa = PBXGroup;
			children = (
				DA20FA851E0BC873004C8FF4 /* ysocket */,
				DA20FA901E0BC892004C8FF4 /* XJSocket.swift */,
			);
			path = XJSocket;
			sourceTree = "<group>";
		};
		DA20FA851E0BC873004C8FF4 /* ysocket */ = {
			isa = PBXGroup;
			children = (
				DA20FA861E0BC873004C8FF4 /* ysocket.swift */,
				DA20FA871E0BC873004C8FF4 /* ytcpsocket.c */,
				DA20FA881E0BC873004C8FF4 /* ytcpsocket.swift */,
				DA20FA891E0BC873004C8FF4 /* yudpsocket.c */,
				DA20FA8A1E0BC873004C8FF4 /* yudpsocket.swift */,
			);
			path = ysocket;
			sourceTree = "<group>";
		};
/* End PBXGroup section */

/* Begin PBXNativeTarget section */
		DA20FA581E0BC69C004C8FF4 /* XJClient */ = {
			isa = PBXNativeTarget;
			buildConfigurationList = DA20FA6B1E0BC69C004C8FF4 /* Build configuration list for PBXNativeTarget "XJClient" */;
			buildPhases = (
				C1A711B959337A5038105F28 /* [CP] Check Pods Manifest.lock */,
				DA20FA551E0BC69C004C8FF4 /* Sources */,
				DA20FA561E0BC69C004C8FF4 /* Frameworks */,
				DA20FA571E0BC69C004C8FF4 /* Resources */,
				CE2E3BFCAC769CE68AB15E80 /* [CP] Embed Pods Frameworks */,
				D23642CA204052996B4BDD67 /* [CP] Copy Pods Resources */,
			);
			buildRules = (
			);
			dependencies = (
			);
			name = XJClient;
			productName = XJClient;
			productReference = DA20FA591E0BC69C004C8FF4 /* XJClient.app */;
			productType = "com.apple.product-type.application";
		};
/* End PBXNativeTarget section */

/* Begin PBXProject section */
		DA20FA511E0BC69C004C8FF4 /* Project object */ = {
			isa = PBXProject;
			attributes = {
				LastSwiftUpdateCheck = 0820;
				LastUpgradeCheck = 0820;
				ORGANIZATIONNAME = Paul;
				TargetAttributes = {
					DA20FA581E0BC69C004C8FF4 = {
						CreatedOnToolsVersion = 8.2;
						DevelopmentTeam = QM6HGHPCA7;
						ProvisioningStyle = Automatic;
					};
				};
			};
			buildConfigurationList = DA20FA541E0BC69C004C8FF4 /* Build configuration list for PBXProject "XJClient" */;
			compatibilityVersion = "Xcode 3.2";
			developmentRegion = English;
			hasScannedForEncodings = 0;
			knownRegions = (
				en,
				Base,
			);
			mainGroup = DA20FA501E0BC69C004C8FF4;
			productRefGroup = DA20FA5A1E0BC69C004C8FF4 /* Products */;
			projectDirPath = "";
			projectRoot = "";
			targets = (
				DA20FA581E0BC69C004C8FF4 /* XJClient */,
			);
		};
/* End PBXProject section */

/* Begin PBXResourcesBuildPhase section */
		DA20FA571E0BC69C004C8FF4 /* Resources */ = {
			isa = PBXResourcesBuildPhase;
			buildActionMask = 2147483647;
			files = (
				DA20FA811E0BC7F0004C8FF4 /* IMMessage.proto in Resources */,
				DA20FA671E0BC69C004C8FF4 /* LaunchScreen.storyboard in Resources */,
				DA20FA641E0BC69C004C8FF4 /* Assets.xcassets in Resources */,
				DA20FA621E0BC69C004C8FF4 /* Main.storyboard in Resources */,
			);
			runOnlyForDeploymentPostprocessing = 0;
		};
/* End PBXResourcesBuildPhase section */

/* Begin PBXShellScriptBuildPhase section */
		C1A711B959337A5038105F28 /* [CP] Check Pods Manifest.lock */ = {
			isa = PBXShellScriptBuildPhase;
			buildActionMask = 2147483647;
			files = (
			);
			inputPaths = (
			);
			name = "[CP] Check Pods Manifest.lock";
			outputPaths = (
			);
			runOnlyForDeploymentPostprocessing = 0;
			shellPath = /bin/sh;
			shellScript = "diff \"${PODS_ROOT}/../Podfile.lock\" \"${PODS_ROOT}/Manifest.lock\" > /dev/null\nif [ $? != 0 ] ; then\n    # print error to STDERR\n    echo \"error: The sandbox is not in sync with the Podfile.lock. Run 'pod install' or update your CocoaPods installation.\" >&2\n    exit 1\nfi\n";
			showEnvVarsInLog = 0;
		};
		CE2E3BFCAC769CE68AB15E80 /* [CP] Embed Pods Frameworks */ = {
			isa = PBXShellScriptBuildPhase;
			buildActionMask = 2147483647;
			files = (
			);
			inputPaths = (
			);
			name = "[CP] Embed Pods Frameworks";
			outputPaths = (
			);
			runOnlyForDeploymentPostprocessing = 0;
			shellPath = /bin/sh;
			shellScript = "\"${SRCROOT}/Pods/Target Support Files/Pods-XJClient/Pods-XJClient-frameworks.sh\"\n";
			showEnvVarsInLog = 0;
		};
		D23642CA204052996B4BDD67 /* [CP] Copy Pods Resources */ = {
			isa = PBXShellScriptBuildPhase;
			buildActionMask = 2147483647;
			files = (
			);
			inputPaths = (
			);
			name = "[CP] Copy Pods Resources";
			outputPaths = (
			);
			runOnlyForDeploymentPostprocessing = 0;
			shellPath = /bin/sh;
			shellScript = "\"${SRCROOT}/Pods/Target Support Files/Pods-XJClient/Pods-XJClient-resources.sh\"\n";
			showEnvVarsInLog = 0;
		};
/* End PBXShellScriptBuildPhase section */

/* Begin PBXSourcesBuildPhase section */
		DA20FA551E0BC69C004C8FF4 /* Sources */ = {
			isa = PBXSourcesBuildPhase;
			buildActionMask = 2147483647;
			files = (
				DA20FA8D1E0BC873004C8FF4 /* ytcpsocket.swift in Sources */,
				DA20FA5F1E0BC69C004C8FF4 /* ViewController.swift in Sources */,
				DA20FA5D1E0BC69C004C8FF4 /* AppDelegate.swift in Sources */,
				DA20FA8B1E0BC873004C8FF4 /* ysocket.swift in Sources */,
				DA20FA831E0BC836004C8FF4 /* Immessage.proto.swift in Sources */,
				DA20FA911E0BC892004C8FF4 /* XJSocket.swift in Sources */,
				DA20FA8C1E0BC873004C8FF4 /* ytcpsocket.c in Sources */,
				DA20FA8F1E0BC873004C8FF4 /* yudpsocket.swift in Sources */,
				DA20FA8E1E0BC873004C8FF4 /* yudpsocket.c in Sources */,
			);
			runOnlyForDeploymentPostprocessing = 0;
		};
/* End PBXSourcesBuildPhase section */

/* Begin PBXVariantGroup section */
		DA20FA601E0BC69C004C8FF4 /* Main.storyboard */ = {
			isa = PBXVariantGroup;
			children = (
				DA20FA611E0BC69C004C8FF4 /* Base */,
			);
			name = Main.storyboard;
			sourceTree = "<group>";
		};
		DA20FA651E0BC69C004C8FF4 /* LaunchScreen.storyboard */ = {
			isa = PBXVariantGroup;
			children = (
				DA20FA661E0BC69C004C8FF4 /* Base */,
			);
			name = LaunchScreen.storyboard;
			sourceTree = "<group>";
		};
/* End PBXVariantGroup section */

/* Begin XCBuildConfiguration section */
		DA20FA691E0BC69C004C8FF4 /* Debug */ = {
			isa = XCBuildConfiguration;
			buildSettings = {
				ALWAYS_SEARCH_USER_PATHS = NO;
				CLANG_ANALYZER_NONNULL = YES;
				CLANG_CXX_LANGUAGE_STANDARD = "gnu++0x";
				CLANG_CXX_LIBRARY = "libc++";
				CLANG_ENABLE_MODULES = YES;
				CLANG_ENABLE_OBJC_ARC = YES;
				CLANG_WARN_BOOL_CONVERSION = YES;
				CLANG_WARN_CONSTANT_CONVERSION = YES;
				CLANG_WARN_DIRECT_OBJC_ISA_USAGE = YES_ERROR;
				CLANG_WARN_DOCUMENTATION_COMMENTS = YES;
				CLANG_WARN_EMPTY_BODY = YES;
				CLANG_WARN_ENUM_CONVERSION = YES;
				CLANG_WARN_INFINITE_RECURSION = YES;
				CLANG_WARN_INT_CONVERSION = YES;
				CLANG_WARN_OBJC_ROOT_CLASS = YES_ERROR;
				CLANG_WARN_SUSPICIOUS_MOVE = YES;
				CLANG_WARN_UNREACHABLE_CODE = YES;
				CLANG_WARN__DUPLICATE_METHOD_MATCH = YES;
				"CODE_SIGN_IDENTITY[sdk=iphoneos*]" = "iPhone Developer";
				COPY_PHASE_STRIP = NO;
				DEBUG_INFORMATION_FORMAT = dwarf;
				ENABLE_STRICT_OBJC_MSGSEND = YES;
				ENABLE_TESTABILITY = YES;
				GCC_C_LANGUAGE_STANDARD = gnu99;
				GCC_DYNAMIC_NO_PIC = NO;
				GCC_NO_COMMON_BLOCKS = YES;
				GCC_OPTIMIZATION_LEVEL = 0;
				GCC_PREPROCESSOR_DEFINITIONS = (
					"DEBUG=1",
					"$(inherited)",
				);
				GCC_WARN_64_TO_32_BIT_CONVERSION = YES;
				GCC_WARN_ABOUT_RETURN_TYPE = YES_ERROR;
				GCC_WARN_UNDECLARED_SELECTOR = YES;
				GCC_WARN_UNINITIALIZED_AUTOS = YES_AGGRESSIVE;
				GCC_WARN_UNUSED_FUNCTION = YES;
				GCC_WARN_UNUSED_VARIABLE = YES;
				IPHONEOS_DEPLOYMENT_TARGET = 10.2;
				MTL_ENABLE_DEBUG_INFO = YES;
				ONLY_ACTIVE_ARCH = YES;
				SDKROOT = iphoneos;
				SWIFT_ACTIVE_COMPILATION_CONDITIONS = DEBUG;
				SWIFT_OPTIMIZATION_LEVEL = "-Onone";
			};
			name = Debug;
		};
		DA20FA6A1E0BC69C004C8FF4 /* Release */ = {
			isa = XCBuildConfiguration;
			buildSettings = {
				ALWAYS_SEARCH_USER_PATHS = NO;
				CLANG_ANALYZER_NONNULL = YES;
				CLANG_CXX_LANGUAGE_STANDARD = "gnu++0x";
				CLANG_CXX_LIBRARY = "libc++";
				CLANG_ENABLE_MODULES = YES;
				CLANG_ENABLE_OBJC_ARC = YES;
				CLANG_WARN_BOOL_CONVERSION = YES;
				CLANG_WARN_CONSTANT_CONVERSION = YES;
				CLANG_WARN_DIRECT_OBJC_ISA_USAGE = YES_ERROR;
				CLANG_WARN_DOCUMENTATION_COMMENTS = YES;
				CLANG_WARN_EMPTY_BODY = YES;
				CLANG_WARN_ENUM_CONVERSION = YES;
				CLANG_WARN_INFINITE_RECURSION = YES;
				CLANG_WARN_INT_CONVERSION = YES;
				CLANG_WARN_OBJC_ROOT_CLASS = YES_ERROR;
				CLANG_WARN_SUSPICIOUS_MOVE = YES;
				CLANG_WARN_UNREACHABLE_CODE = YES;
				CLANG_WARN__DUPLICATE_METHOD_MATCH = YES;
				"CODE_SIGN_IDENTITY[sdk=iphoneos*]" = "iPhone Developer";
				COPY_PHASE_STRIP = NO;
				DEBUG_INFORMATION_FORMAT = "dwarf-with-dsym";
				ENABLE_NS_ASSERTIONS = NO;
				ENABLE_STRICT_OBJC_MSGSEND = YES;
				GCC_C_LANGUAGE_STANDARD = gnu99;
				GCC_NO_COMMON_BLOCKS = YES;
				GCC_WARN_64_TO_32_BIT_CONVERSION = YES;
				GCC_WARN_ABOUT_RETURN_TYPE = YES_ERROR;
				GCC_WARN_UNDECLARED_SELECTOR = YES;
				GCC_WARN_UNINITIALIZED_AUTOS = YES_AGGRESSIVE;
				GCC_WARN_UNUSED_FUNCTION = YES;
				GCC_WARN_UNUSED_VARIABLE = YES;
				IPHONEOS_DEPLOYMENT_TARGET = 10.2;
				MTL_ENABLE_DEBUG_INFO = NO;
				SDKROOT = iphoneos;
				SWIFT_OPTIMIZATION_LEVEL = "-Owholemodule";
				VALIDATE_PRODUCT = YES;
			};
			name = Release;
		};
		DA20FA6C1E0BC69C004C8FF4 /* Debug */ = {
			isa = XCBuildConfiguration;
			baseConfigurationReference = 46FCADB1C7EB3C7E230DFA33 /* Pods-XJClient.debug.xcconfig */;
			buildSettings = {
				ASSETCATALOG_COMPILER_APPICON_NAME = AppIcon;
				DEVELOPMENT_TEAM = QM6HGHPCA7;
				INFOPLIST_FILE = XJClient/Info.plist;
				LD_RUNPATH_SEARCH_PATHS = "$(inherited) @executable_path/Frameworks";
				PRODUCT_BUNDLE_IDENTIFIER = com.paul.com.XJClient;
				PRODUCT_NAME = "$(TARGET_NAME)";
				SWIFT_VERSION = 3.0;
			};
			name = Debug;
		};
		DA20FA6D1E0BC69C004C8FF4 /* Release */ = {
			isa = XCBuildConfiguration;
			baseConfigurationReference = B29FBFD802E92ECFF91F941F /* Pods-XJClient.release.xcconfig */;
			buildSettings = {
				ASSETCATALOG_COMPILER_APPICON_NAME = AppIcon;
				DEVELOPMENT_TEAM = QM6HGHPCA7;
				INFOPLIST_FILE = XJClient/Info.plist;
				LD_RUNPATH_SEARCH_PATHS = "$(inherited) @executable_path/Frameworks";
				PRODUCT_BUNDLE_IDENTIFIER = com.paul.com.XJClient;
				PRODUCT_NAME = "$(TARGET_NAME)";
				SWIFT_VERSION = 3.0;
			};
			name = Release;
		};
/* End XCBuildConfiguration section */

/* Begin XCConfigurationList section */
		DA20FA541E0BC69C004C8FF4 /* Build configuration list for PBXProject "XJClient" */ = {
			isa = XCConfigurationList;
			buildConfigurations = (
				DA20FA691E0BC69C004C8FF4 /* Debug */,
				DA20FA6A1E0BC69C004C8FF4 /* Release */,
			);
			defaultConfigurationIsVisible = 0;
			defaultConfigurationName = Release;
		};
		DA20FA6B1E0BC69C004C8FF4 /* Build configuration list for PBXNativeTarget "XJClient" */ = {
			isa = XCConfigurationList;
			buildConfigurations = (
				DA20FA6C1E0BC69C004C8FF4 /* Debug */,
				DA20FA6D1E0BC69C004C8FF4 /* Release */,
			);
			defaultConfigurationIsVisible = 0;
			defaultConfigurationName = Release;
		};
/* End XCConfigurationList section */
	};
	rootObject = DA20FA511E0BC69C004C8FF4 /* Project object */;
}
